// !$*UTF8*$!
{
	archiveVersion = 1;
	classes = {
	};
	objectVersion = 48;
	objects = {

/* Begin PBXBuildFile section */
		60991DFC1FFA28CC00D92FF3 /* AppDelegate.swift in Sources */ = {isa = PBXBuildFile; fileRef = 60991DFB1FFA28CC00D92FF3 /* AppDelegate.swift */; };
		60991DFE1FFA28CC00D92FF3 /* ViewController.swift in Sources */ = {isa = PBXBuildFile; fileRef = 60991DFD1FFA28CC00D92FF3 /* ViewController.swift */; };
		60991E011FFA28CE00D92FF3 /* Main.storyboard in Resources */ = {isa = PBXBuildFile; fileRef = 60991DFF1FFA28CE00D92FF3 /* Main.storyboard */; };
		60991E031FFA28D000D92FF3 /* Assets.xcassets in Resources */ = {isa = PBXBuildFile; fileRef = 60991E021FFA28D000D92FF3 /* Assets.xcassets */; };
		60991E061FFA28D100D92FF3 /* LaunchScreen.storyboard in Resources */ = {isa = PBXBuildFile; fileRef = 60991E041FFA28D100D92FF3 /* LaunchScreen.storyboard */; };
		60F7D6C31FFACE4800D97573 /* AnimatingImageView.swift in Sources */ = {isa = PBXBuildFile; fileRef = 60F7D6C21FFACE4700D97573 /* AnimatingImageView.swift */; };
		60F7D6C51FFACF2E00D97573 /* AnimatinButton.swift in Sources */ = {isa = PBXBuildFile; fileRef = 60F7D6C41FFACF2E00D97573 /* AnimatinButton.swift */; };
		60F7D6E21FFAEC1500D97573 /* emoji2.png in Resources */ = {isa = PBXBuildFile; fileRef = 60F7D6DF1FFAEC1300D97573 /* emoji2.png */; };
		60F7D6E31FFAEC1500D97573 /* emoji1.png in Resources */ = {isa = PBXBuildFile; fileRef = 60F7D6E01FFAEC1400D97573 /* emoji1.png */; };
		60F7D6E41FFAEC1500D97573 /* emoji0.png in Resources */ = {isa = PBXBuildFile; fileRef = 60F7D6E11FFAEC1400D97573 /* emoji0.png */; };
		60F7D6E81FFAF7E800D97573 /* UIButtonExtension.swift in Sources */ = {isa = PBXBuildFile; fileRef = 60F7D6E71FFAF7E800D97573 /* UIButtonExtension.swift */; };
/* End PBXBuildFile section */

/* Begin PBXFileReference section */
		60991DF81FFA28CA00D92FF3 /* UIProject.app */ = {isa = PBXFileReference; explicitFileType = wrapper.application; includeInIndex = 0; path = UIProject.app; sourceTree = BUILT_PRODUCTS_DIR; };
		60991DFB1FFA28CC00D92FF3 /* AppDelegate.swift */ = {isa = PBXFileReference; lastKnownFileType = sourcecode.swift; path = AppDelegate.swift; sourceTree = "<group>"; };
		60991DFD1FFA28CC00D92FF3 /* ViewController.swift */ = {isa = PBXFileReference; lastKnownFileType = sourcecode.swift; path = ViewController.swift; sourceTree = "<group>"; };
		60991E001FFA28CE00D92FF3 /* Base */ = {isa = PBXFileReference; lastKnownFileType = file.storyboard; name = Base; path = Base.lproj/Main.storyboard; sourceTree = "<group>"; };
		60991E021FFA28D000D92FF3 /* Assets.xcassets */ = {isa = PBXFileReference; lastKnownFileType = folder.assetcatalog; path = Assets.xcassets; sourceTree = "<group>"; };
		60991E051FFA28D100D92FF3 /* Base */ = {isa = PBXFileReference; lastKnownFileType = file.storyboard; name = Base; path = Base.lproj/LaunchScreen.storyboard; sourceTree = "<group>"; };
		60991E071FFA28D200D92FF3 /* Info.plist */ = {isa = PBXFileReference; lastKnownFileType = text.plist.xml; path = Info.plist; sourceTree = "<group>"; };
		60F7D6C21FFACE4700D97573 /* AnimatingImageView.swift */ = {isa = PBXFileReference; lastKnownFileType = sourcecode.swift; path = AnimatingImageView.swift; sourceTree = "<group>"; };
		60F7D6C41FFACF2E00D97573 /* AnimatinButton.swift */ = {isa = PBXFileReference; lastKnownFileType = sourcecode.swift; path = AnimatinButton.swift; sourceTree = "<group>"; };
		60F7D6DF1FFAEC1300D97573 /* emoji2.png */ = {isa = PBXFileReference; lastKnownFileType = image.png; path = emoji2.png; sourceTree = "<group>"; };
		60F7D6E01FFAEC1400D97573 /* emoji1.png */ = {isa = PBXFileReference; lastKnownFileType = image.png; path = emoji1.png; sourceTree = "<group>"; };
		60F7D6E11FFAEC1400D97573 /* emoji0.png */ = {isa = PBXFileReference; lastKnownFileType = image.png; path = emoji0.png; sourceTree = "<group>"; };
		60F7D6E71FFAF7E800D97573 /* UIButtonExtension.swift */ = {isa = PBXFileReference; lastKnownFileType = sourcecode.swift; path = UIButtonExtension.swift; sourceTree = "<group>"; };
/* End PBXFileReference section */

/* Begin PBXFrameworksBuildPhase section */
		60991DF51FFA28C900D92FF3 /* Frameworks */ = {
			isa = PBXFrameworksBuildPhase;
			buildActionMask = 2147483647;
			files = (
			);
			runOnlyForDeploymentPostprocessing = 0;
		};
/* End PBXFrameworksBuildPhase section */

/* Begin PBXGroup section */
		60991DEF1FFA28C700D92FF3 = {
			isa = PBXGroup;
			children = (
				60F7D6E71FFAF7E800D97573 /* UIButtonExtension.swift */,
				60991DFA1FFA28CB00D92FF3 /* UIProject */,
				60991DF91FFA28CA00D92FF3 /* Products */,
			);
			sourceTree = "<group>";
		};
		60991DF91FFA28CA00D92FF3 /* Products */ = {
			isa = PBXGroup;
			children = (
				60991DF81FFA28CA00D92FF3 /* UIProject.app */,
			);
			name = Products;
			sourceTree = "<group>";
		};
		60991DFA1FFA28CB00D92FF3 /* UIProject */ = {
			isa = PBXGroup;
			children = (
				60F7D6C61FFAD6A000D97573 /* Images */,
				60991DFB1FFA28CC00D92FF3 /* AppDelegate.swift */,
				60991DFD1FFA28CC00D92FF3 /* ViewController.swift */,
				60991DFF1FFA28CE00D92FF3 /* Main.storyboard */,
				60F7D6C21FFACE4700D97573 /* AnimatingImageView.swift */,
				60F7D6C41FFACF2E00D97573 /* AnimatinButton.swift */,
				60991E021FFA28D000D92FF3 /* Assets.xcassets */,
				60991E041FFA28D100D92FF3 /* LaunchScreen.storyboard */,
				60991E071FFA28D200D92FF3 /* Info.plist */,
			);
			path = UIProject;
			sourceTree = "<group>";
		};
		60F7D6C61FFAD6A000D97573 /* Images */ = {
			isa = PBXGroup;
			children = (
				60F7D6E11FFAEC1400D97573 /* emoji0.png */,
				60F7D6E01FFAEC1400D97573 /* emoji1.png */,
				60F7D6DF1FFAEC1300D97573 /* emoji2.png */,
			);
			path = Images;
			sourceTree = "<group>";
		};
/* End PBXGroup section */

/* Begin PBXNativeTarget section */
		60991DF71FFA28C900D92FF3 /* UIProject */ = {
			isa = PBXNativeTarget;
			buildConfigurationList = 60991E0A1FFA28D200D92FF3 /* Build configuration list for PBXNativeTarget "UIProject" */;
			buildPhases = (
				60991DF41FFA28C900D92FF3 /* Sources */,
				60991DF51FFA28C900D92FF3 /* Frameworks */,
				60991DF61FFA28C900D92FF3 /* Resources */,
			);
			buildRules = (
			);
			dependencies = (
			);
			name = UIProject;
			productName = UIProject;
			productReference = 60991DF81FFA28CA00D92FF3 /* UIProject.app */;
			productType = "com.apple.product-type.application";
		};
/* End PBXNativeTarget section */

/* Begin PBXProject section */
		60991DF01FFA28C700D92FF3 /* Project object */ = {
			isa = PBXProject;
			attributes = {
				LastSwiftUpdateCheck = 0910;
				LastUpgradeCheck = 0910;
				ORGANIZATIONNAME = Carlos;
				TargetAttributes = {
					60991DF71FFA28C900D92FF3 = {
						CreatedOnToolsVersion = 9.1;
						ProvisioningStyle = Automatic;
					};
				};
			};
			buildConfigurationList = 60991DF31FFA28C700D92FF3 /* Build configuration list for PBXProject "UIProject" */;
			compatibilityVersion = "Xcode 8.0";
			developmentRegion = en;
			hasScannedForEncodings = 0;
			knownRegions = (
				en,
				Base,
			);
			mainGroup = 60991DEF1FFA28C700D92FF3;
			productRefGroup = 60991DF91FFA28CA00D92FF3 /* Products */;
			projectDirPath = "";
			projectRoot = "";
			targets = (
				60991DF71FFA28C900D92FF3 /* UIProject */,
			);
		};
/* End PBXProject section */

/* Begin PBXResourcesBuildPhase section */
		60991DF61FFA28C900D92FF3 /* Resources */ = {
			isa = PBXResourcesBuildPhase;
			buildActionMask = 2147483647;
			files = (
				60991E061FFA28D100D92FF3 /* LaunchScreen.storyboard in Resources */,
				60991E031FFA28D000D92FF3 /* Assets.xcassets in Resources */,
				60F7D6E31FFAEC1500D97573 /* emoji1.png in Resources */,
				60991E011FFA28CE00D92FF3 /* Main.storyboard in Resources */,
				60F7D6E21FFAEC1500D97573 /* emoji2.png in Resources */,
				60F7D6E41FFAEC1500D97573 /* emoji0.png in Resources */,
			);
			runOnlyForDeploymentPostprocessing = 0;
		};
/* End PBXResourcesBuildPhase section */

/* Begin PBXSourcesBuildPhase section */
		60991DF41FFA28C900D92FF3 /* Sources */ = {
			isa = PBXSourcesBuildPhase;
			buildActionMask = 2147483647;
			files = (
				60F7D6C51FFACF2E00D97573 /* AnimatinButton.swift in Sources */,
				60F7D6E81FFAF7E800D97573 /* UIButtonExtension.swift in Sources */,
				60F7D6C31FFACE4800D97573 /* AnimatingImageView.swift in Sources */,
				60991DFE1FFA28CC00D92FF3 /* ViewController.swift in Sources */,
				60991DFC1FFA28CC00D92FF3 /* AppDelegate.swift in Sources */,
			);
			runOnlyForDeploymentPostprocessing = 0;
		};
/* End PBXSourcesBuildPhase section */

/* Begin PBXVariantGroup section */
		60991DFF1FFA28CE00D92FF3 /* Main.storyboard */ = {
			isa = PBXVariantGroup;
			children = (
				60991E001FFA28CE00D92FF3 /* Base */,
			);
			name = Main.storyboard;
			sourceTree = "<group>";
		};
		60991E041FFA28D100D92FF3 /* LaunchScreen.storyboard */ = {
			isa = PBXVariantGroup;
			children = (
				60991E051FFA28D100D92FF3 /* Base */,
			);
			name = LaunchScreen.storyboard;
			sourceTree = "<group>";
		};
/* End PBXVariantGroup section */

/* Begin XCBuildConfiguration section */
		60991E081FFA28D200D92FF3 /* Debug */ = {
			isa = XCBuildConfiguration;
			buildSettings = {
				ALWAYS_SEARCH_USER_PATHS = NO;
				CLANG_ANALYZER_NONNULL = YES;
				CLANG_ANALYZER_NUMBER_OBJECT_CONVERSION = YES_AGGRESSIVE;
				CLANG_CXX_LANGUAGE_STANDARD = "gnu++14";
				CLANG_CXX_LIBRARY = "libc++";
				CLANG_ENABLE_MODULES = YES;
				CLANG_ENABLE_OBJC_ARC = YES;
				CLANG_WARN_BLOCK_CAPTURE_AUTORELEASING = YES;
				CLANG_WARN_BOOL_CONVERSION = YES;
				CLANG_WARN_COMMA = YES;
				CLANG_WARN_CONSTANT_CONVERSION = YES;
				CLANG_WARN_DIRECT_OBJC_ISA_USAGE = YES_ERROR;
				CLANG_WARN_DOCUMENTATION_COMMENTS = YES;
				CLANG_WARN_EMPTY_BODY = YES;
				CLANG_WARN_ENUM_CONVERSION = YES;
				CLANG_WARN_INFINITE_RECURSION = YES;
				CLANG_WARN_INT_CONVERSION = YES;
				CLANG_WARN_NON_LITERAL_NULL_CONVERSION = YES;
				CLANG_WARN_OBJC_LITERAL_CONVERSION = YES;
				CLANG_WARN_OBJC_ROOT_CLASS = YES_ERROR;
				CLANG_WARN_RANGE_LOOP_ANALYSIS = YES;
				CLANG_WARN_STRICT_PROTOTYPES = YES;
				CLANG_WARN_SUSPICIOUS_MOVE = YES;
				CLANG_WARN_UNGUARDED_AVAILABILITY = YES_AGGRESSIVE;
				CLANG_WARN_UNREACHABLE_CODE = YES;
				CLANG_WARN__DUPLICATE_METHOD_MATCH = YES;
				CODE_SIGN_IDENTITY = "iPhone Developer";
				COPY_PHASE_STRIP = NO;
				DEBUG_INFORMATION_FORMAT = dwarf;
				ENABLE_STRICT_OBJC_MSGSEND = YES;
				ENABLE_TESTABILITY = YES;
				GCC_C_LANGUAGE_STANDARD = gnu11;
				GCC_DYNAMIC_NO_PIC = NO;
				GCC_NO_COMMON_BLOCKS = YES;
				GCC_OPTIMIZATION_LEVEL = 0;
				GCC_PREPROCESSOR_DEFINITIONS = (
					"DEBUG=1",
					"$(inherited)",
				);
				GCC_WARN_64_TO_32_BIT_CONVERSION = YES;
				GCC_WARN_ABOUT_RETURN_TYPE = YES_ERROR;
				GCC_WARN_UNDECLARED_SELECTOR = YES;
				GCC_WARN_UNINITIALIZED_AUTOS = YES_AGGRESSIVE;
				GCC_WARN_UNUSED_FUNCTION = YES;
				GCC_WARN_UNUSED_VARIABLE = YES;
				IPHONEOS_DEPLOYMENT_TARGET = 11.1;
				MTL_ENABLE_DEBUG_INFO = YES;
				ONLY_ACTIVE_ARCH = YES;
				SDKROOT = iphoneos;
				SWIFT_ACTIVE_COMPILATION_CONDITIONS = DEBUG;
				SWIFT_OPTIMIZATION_LEVEL = "-Onone";
			};
			name = Debug;
		};
		60991E091FFA28D200D92FF3 /* Release */ = {
			isa = XCBuildConfiguration;
			buildSettings = {
				ALWAYS_SEARCH_USER_PATHS = NO;
				CLANG_ANALYZER_NONNULL = YES;
				CLANG_ANALYZER_NUMBER_OBJECT_CONVERSION = YES_AGGRESSIVE;
				CLANG_CXX_LANGUAGE_STANDARD = "gnu++14";
				CLANG_CXX_LIBRARY = "libc++";
				CLANG_ENABLE_MODULES = YES;
				CLANG_ENABLE_OBJC_ARC = YES;
				CLANG_WARN_BLOCK_CAPTURE_AUTORELEASING = YES;
				CLANG_WARN_BOOL_CONVERSION = YES;
				CLANG_WARN_COMMA = YES;
				CLANG_WARN_CONSTANT_CONVERSION = YES;
				CLANG_WARN_DIRECT_OBJC_ISA_USAGE = YES_ERROR;
				CLANG_WARN_DOCUMENTATION_COMMENTS = YES;
				CLANG_WARN_EMPTY_BODY = YES;
				CLANG_WARN_ENUM_CONVERSION = YES;
				CLANG_WARN_INFINITE_RECURSION = YES;
				CLANG_WARN_INT_CONVERSION = YES;
				CLANG_WARN_NON_LITERAL_NULL_CONVERSION = YES;
				CLANG_WARN_OBJC_LITERAL_CONVERSION = YES;
				CLANG_WARN_OBJC_ROOT_CLASS = YES_ERROR;
				CLANG_WARN_RANGE_LOOP_ANALYSIS = YES;
				CLANG_WARN_STRICT_PROTOTYPES = YES;
				CLANG_WARN_SUSPICIOUS_MOVE = YES;
				CLANG_WARN_UNGUARDED_AVAILABILITY = YES_AGGRESSIVE;
				CLANG_WARN_UNREACHABLE_CODE = YES;
				CLANG_WARN__DUPLICATE_METHOD_MATCH = YES;
				CODE_SIGN_IDENTITY = "iPhone Developer";
				COPY_PHASE_STRIP = NO;
				DEBUG_INFORMATION_FORMAT = "dwarf-with-dsym";
				ENABLE_NS_ASSERTIONS = NO;
				ENABLE_STRICT_OBJC_MSGSEND = YES;
				GCC_C_LANGUAGE_STANDARD = gnu11;
				GCC_NO_COMMON_BLOCKS = YES;
				GCC_WARN_64_TO_32_BIT_CONVERSION = YES;
				GCC_WARN_ABOUT_RETURN_TYPE = YES_ERROR;
				GCC_WARN_UNDECLARED_SELECTOR = YES;
				GCC_WARN_UNINITIALIZED_AUTOS = YES_AGGRESSIVE;
				GCC_WARN_UNUSED_FUNCTION = YES;
				GCC_WARN_UNUSED_VARIABLE = YES;
				IPHONEOS_DEPLOYMENT_TARGET = 11.1;
				MTL_ENABLE_DEBUG_INFO = NO;
				SDKROOT = iphoneos;
				SWIFT_OPTIMIZATION_LEVEL = "-Owholemodule";
				VALIDATE_PRODUCT = YES;
			};
			name = Release;
		};
		60991E0B1FFA28D200D92FF3 /* Debug */ = {
			isa = XCBuildConfiguration;
			buildSettings = {
				ASSETCATALOG_COMPILER_APPICON_NAME = AppIcon;
				CODE_SIGN_STYLE = Automatic;
				DEVELOPMENT_TEAM = 349GK73323;
				INFOPLIST_FILE = UIProject/Info.plist;
				LD_RUNPATH_SEARCH_PATHS = "$(inherited) @executable_path/Frameworks";
				PRODUCT_BUNDLE_IDENTIFIER = Carlos.UIProject;
				PRODUCT_NAME = "$(TARGET_NAME)";
				SWIFT_VERSION = 4.0;
				TARGETED_DEVICE_FAMILY = "1,2";
			};
			name = Debug;
		};
		60991E0C1FFA28D200D92FF3 /* Release */ = {
			isa = XCBuildConfiguration;
			buildSettings = {
				ASSETCATALOG_COMPILER_APPICON_NAME = AppIcon;
				CODE_SIGN_STYLE = Automatic;
				DEVELOPMENT_TEAM = 349GK73323;
				INFOPLIST_FILE = UIProject/Info.plist;
				LD_RUNPATH_SEARCH_PATHS = "$(inherited) @executable_path/Frameworks";
				PRODUCT_BUNDLE_IDENTIFIER = Carlos.UIProject;
				PRODUCT_NAME = "$(TARGET_NAME)";
				SWIFT_VERSION = 4.0;
				TARGETED_DEVICE_FAMILY = "1,2";
			};
			name = Release;
		};
/* End XCBuildConfiguration section */

/* Begin XCConfigurationList section */
		60991DF31FFA28C700D92FF3 /* Build configuration list for PBXProject "UIProject" */ = {
			isa = XCConfigurationList;
			buildConfigurations = (
				60991E081FFA28D200D92FF3 /* Debug */,
				60991E091FFA28D200D92FF3 /* Release */,
			);
			defaultConfigurationIsVisible = 0;
			defaultConfigurationName = Release;
		};
		60991E0A1FFA28D200D92FF3 /* Build configuration list for PBXNativeTarget "UIProject" */ = {
			isa = XCConfigurationList;
			buildConfigurations = (
				60991E0B1FFA28D200D92FF3 /* Debug */,
				60991E0C1FFA28D200D92FF3 /* Release */,
			);
			defaultConfigurationIsVisible = 0;
			defaultConfigurationName = Release;
		};
/* End XCConfigurationList section */
	};
	rootObject = 60991DF01FFA28C700D92FF3 /* Project object */;
}
